
Microsoft Visual Studio Solution File, Format Version 12.00
# Visual Studio Version 17
VisualStudioVersion = 17.14.37502.11 d17.14
MinimumVisualStudioVersion = 10.0.40219.1
Project("{FAE04EC0-301F-11D3-BF4B-00C04F79EFBC}") = "APDP", "APDP\APDP.csproj", "{145F2354-E292-4135-83C3-7D62A3FD7748}"
EndProject
Global
	GlobalSection(SolutionConfigurationPlatforms) = preSolution
		Debug|Any CPU = Debug|Any CPU
		Release|Any CPU = Release|Any CPU
	EndGlobalSection
	GlobalSection(ProjectConfigurationPlatforms) = postSolution
		{145F2354-E292-4135-83C3-7D62A3FD7748}.Debug|Any CPU.ActiveCfg = Debug|Any CPU
		{145F2354-E292-4135-83C3-7D62A3FD7748}.Debug|Any CPU.Build.0 = Debug|Any CPU
		{145F2354-E292-4135-83C3-7D62A3FD7748}.Release|Any CPU.ActiveCfg = Release|Any CPU
		{145F2354-E292-4135-83C3-7D62A3FD7748}.Release|Any CPU.Build.0 = Release|Any CPU
	EndGlobalSection
	GlobalSection(SolutionProperties) = preSolution
		HideSolutionNode = FALSE
	EndGlobalSection
	GlobalSection(ExtensibilityGlobals) = postSolution
		SolutionGuid = {AF258F73-3BBF-471F-8CA7-61FDDC2AED0D}
	EndGlobalSection
EndGlobal
